
Microsoft Visual Studio Solution File, Format Version 12.00
# Visual Studio Version 17
VisualStudioVersion = 17.9.34622.214
MinimumVisualStudioVersion = 10.0.40219.1
Project("{2150E333-8FDC-42A3-9474-1A3956D46DE8}") = "Api", "Api", "{5C716D50-388B-4CEE-A7EF-20FAF12E0D64}"
EndProject
Project("{2150E333-8FDC-42A3-9474-1A3956D46DE8}") = "Admin", "Admin", "{A8D1B2E8-1069-43C8-9AF4-DB868C649D75}"
EndProject
Project("{9A19103F-16F7-4668-BE54-9A1E7A4F7556}") = "LoanWorkflow.Admin.Api", "LoanWorkflow.Admin.Api\LoanWorkflow.Admin.Api.csproj", "{ABD40530-4B62-4C2E-8ACB-AB2199FE4B3A}"
EndProject
Project("{9A19103F-16F7-4668-BE54-9A1E7A4F7556}") = "LoanWorkflow.Admin.Api.Mappings", "LoanWorkflow.Admin.Api.Mappings\LoanWorkflow.Admin.Api.Mappings.csproj", "{BC4BA6D0-CB35-447F-9A68-138C4645685D}"
EndProject
Project("{9A19103F-16F7-4668-BE54-9A1E7A4F7556}") = "LoanWorkflow.Admin.Api.Models", "LoanWorkflow.Admin.Api.Models\LoanWorkflow.Admin.Api.Models.csproj", "{139A6E1E-0DDF-40BD-87C8-176C99DE26CE}"
EndProject
Project("{9A19103F-16F7-4668-BE54-9A1E7A4F7556}") = "LoanWorkflow.Admin.Services", "LoanWorkflow.Admin.Services\LoanWorkflow.Admin.Services.csproj", "{F5772610-C9EC-4B04-859B-EA4BF2C50A88}"
EndProject
Project("{9A19103F-16F7-4668-BE54-9A1E7A4F7556}") = "LoanWorkflow.Admin.Services.Core", "LoanWorkflow.Admin.Services.Core\LoanWorkflow.Admin.Services.Core.csproj", "{8BD276F4-1E4B-48A9-B677-9A7A9BBE6B74}"
EndProject
Project("{9A19103F-16F7-4668-BE54-9A1E7A4F7556}") = "LoanWorkflow.Admin.Services.Interfaces", "LoanWorkflow.Admin.Services.Interfaces\LoanWorkflow.Admin.Services.Interfaces.csproj", "{32E6052B-8779-4640-A21E-E78F02DA94E0}"
EndProject
Project("{9A19103F-16F7-4668-BE54-9A1E7A4F7556}") = "LoanWorkflow.Admin.Validations", "LoanWorkflow.Admin.Validations\LoanWorkflow.Admin.Validations.csproj", "{4C3F50D2-6039-4EB0-A9E5-7C465B9BDF8D}"
EndProject
Project("{2150E333-8FDC-42A3-9474-1A3956D46DE8}") = "BLL", "BLL", "{5193B18A-61DE-4F26-9637-0938AD1DC321}"
EndProject
Project("{9A19103F-16F7-4668-BE54-9A1E7A4F7556}") = "LoanWorkflow.Services", "LoanWorkflow.Services\LoanWorkflow.Services.csproj", "{6973BBA6-AB5A-4C82-B1DD-D5389BF3C9D2}"
EndProject
Project("{9A19103F-16F7-4668-BE54-9A1E7A4F7556}") = "LoanWorkflow.Services.DTO", "LoanWorkflow.Services.DTO\LoanWorkflow.Services.DTO.csproj", "{C0AD2247-D5FB-4702-9F11-78E365C29C05}"
EndProject
Project("{9A19103F-16F7-4668-BE54-9A1E7A4F7556}") = "LoanWorkflow.Services.Core", "LoanWorkflow.Services.Core\LoanWorkflow.Services.Core.csproj", "{F84F1F9B-B3FB-4A60-8754-9DEA31EF66DD}"
EndProject
Project("{9A19103F-16F7-4668-BE54-9A1E7A4F7556}") = "LoanWorkflow.Services.Interfaces", "LoanWorkflow.Services.Interfaces\LoanWorkflow.Services.Interfaces.csproj", "{C7884337-CCFA-4C28-A303-5D596EB1C3CB}"
EndProject
Project("{2150E333-8FDC-42A3-9474-1A3956D46DE8}") = "DAL", "DAL", "{345824F7-9770-4EB6-AFB9-90CFEB5E7B66}"
EndProject
Project("{9A19103F-16F7-4668-BE54-9A1E7A4F7556}") = "LoanWorkflow.DAL", "LoanWorkflow.DAL\LoanWorkflow.DAL.csproj", "{C874D120-D8E3-4FB2-82E0-1796F21FFF2A}"
EndProject
Project("{9A19103F-16F7-4668-BE54-9A1E7A4F7556}") = "LoanWorkflow.DAL.Core", "LoanWorkflow.DAL.Core\LoanWorkflow.DAL.Core.csproj", "{958BF53E-EED6-4A74-AB13-46C96704640B}"
EndProject
Project("{9A19103F-16F7-4668-BE54-9A1E7A4F7556}") = "LoanWorkflow.DAL.Entities", "LoanWorkflow.DAL.Entities\LoanWorkflow.DAL.Entities.csproj", "{F36ACE21-40F2-4154-984E-AC8DDFDD17E1}"
EndProject
Project("{2150E333-8FDC-42A3-9474-1A3956D46DE8}") = "Presentation", "Presentation", "{172C52E2-EE3E-4324-8B2D-29B1DA87FB89}"
EndProject
Project("{9A19103F-16F7-4668-BE54-9A1E7A4F7556}") = "LoanWorkflow.Api", "LoanWorkflow.Api\LoanWorkflow.Api.csproj", "{E1256E54-289B-4AFB-92AB-B54702A0821D}"
EndProject
Project("{9A19103F-16F7-4668-BE54-9A1E7A4F7556}") = "LoanWorkflow.Api.Mappings", "LoanWorkflow.Api.Mappings\LoanWorkflow.Api.Mappings.csproj", "{02FE4BF0-B542-486D-AECD-3D73D1474B72}"
EndProject
Project("{9A19103F-16F7-4668-BE54-9A1E7A4F7556}") = "LoanWorkflow.Api.Middlewares", "LoanWorkflow.Api.Middlewares\LoanWorkflow.Api.Middlewares.csproj", "{E5F5A37F-1FED-45E5-A487-636D8925FD32}"
EndProject
Project("{9A19103F-16F7-4668-BE54-9A1E7A4F7556}") = "LoanWorkflow.Api.Models", "LoanWorkflow.Api.Models\LoanWorkflow.Api.Models.csproj", "{A572A88F-E85C-4B94-8E40-5A1D4333B070}"
EndProject
Project("{9A19103F-16F7-4668-BE54-9A1E7A4F7556}") = "LoanWorkflow.Api.Validations", "LoanWorkflow.Api.Validations\LoanWorkflow.Api.Validations.csproj", "{97E466BC-D359-41FD-A0C8-5DA0C633B138}"
EndProject
Project("{2150E333-8FDC-42A3-9474-1A3956D46DE8}") = "Core", "Core", "{BBB63BFD-57FE-48BF-983A-79605F82E138}"
EndProject
Project("{9A19103F-16F7-4668-BE54-9A1E7A4F7556}") = "LoanWorkflow.Core", "LoanWorkflow.Core\LoanWorkflow.Core.csproj", "{ABD0CBAF-E5A4-489E-979F-648CD808D987}"
EndProject
Project("{9A19103F-16F7-4668-BE54-9A1E7A4F7556}") = "LoanWorkflow.Core.Enums", "LoanWorkflow.Core.Enums\LoanWorkflow.Core.Enums.csproj", "{0D60F9F9-0797-49EF-B2CB-F01577DC151A}"
EndProject
Project("{9A19103F-16F7-4668-BE54-9A1E7A4F7556}") = "LoanWorkflow.Core.Exceptions", "LoanWorkflow.Core.Exceptions\LoanWorkflow.Core.Exceptions.csproj", "{85465B75-C641-465F-8EB7-F7550ED032F6}"
EndProject
Project("{9A19103F-16F7-4668-BE54-9A1E7A4F7556}") = "LoanWorkflow.Core.Extensions", "LoanWorkflow.Core.Extensions\LoanWorkflow.Core.Extensions.csproj", "{3857B756-1AC5-4555-92EB-C6E921A92DB6}"
EndProject
Project("{FAE04EC0-301F-11D3-BF4B-00C04F79EFBC}") = "LoanWorkflow.Services.Events", "LoanWorkflow.Services.Events\LoanWorkflow.Services.Events.csproj", "{4E3F4CF9-AE0A-4FBE-9D6B-88111A39573D}"
EndProject
Global
	GlobalSection(SolutionConfigurationPlatforms) = preSolution
		Debug|Any CPU = Debug|Any CPU
		Release|Any CPU = Release|Any CPU
	EndGlobalSection
	GlobalSection(ProjectConfigurationPlatforms) = postSolution
		{ABD40530-4B62-4C2E-8ACB-AB2199FE4B3A}.Debug|Any CPU.ActiveCfg = Debug|Any CPU
		{ABD40530-4B62-4C2E-8ACB-AB2199FE4B3A}.Debug|Any CPU.Build.0 = Debug|Any CPU
		{ABD40530-4B62-4C2E-8ACB-AB2199FE4B3A}.Release|Any CPU.ActiveCfg = Release|Any CPU
		{ABD40530-4B62-4C2E-8ACB-AB2199FE4B3A}.Release|Any CPU.Build.0 = Release|Any CPU
		{BC4BA6D0-CB35-447F-9A68-138C4645685D}.Debug|Any CPU.ActiveCfg = Debug|Any CPU
		{BC4BA6D0-CB35-447F-9A68-138C4645685D}.Debug|Any CPU.Build.0 = Debug|Any CPU
		{BC4BA6D0-CB35-447F-9A68-138C4645685D}.Release|Any CPU.ActiveCfg = Release|Any CPU
		{BC4BA6D0-CB35-447F-9A68-138C4645685D}.Release|Any CPU.Build.0 = Release|Any CPU
		{139A6E1E-0DDF-40BD-87C8-176C99DE26CE}.Debug|Any CPU.ActiveCfg = Debug|Any CPU
		{139A6E1E-0DDF-40BD-87C8-176C99DE26CE}.Debug|Any CPU.Build.0 = Debug|Any CPU
		{139A6E1E-0DDF-40BD-87C8-176C99DE26CE}.Release|Any CPU.ActiveCfg = Release|Any CPU
		{139A6E1E-0DDF-40BD-87C8-176C99DE26CE}.Release|Any CPU.Build.0 = Release|Any CPU
		{F5772610-C9EC-4B04-859B-EA4BF2C50A88}.Debug|Any CPU.ActiveCfg = Debug|Any CPU
		{F5772610-C9EC-4B04-859B-EA4BF2C50A88}.Debug|Any CPU.Build.0 = Debug|Any CPU
		{F5772610-C9EC-4B04-859B-EA4BF2C50A88}.Release|Any CPU.ActiveCfg = Release|Any CPU
		{F5772610-C9EC-4B04-859B-EA4BF2C50A88}.Release|Any CPU.Build.0 = Release|Any CPU
		{8BD276F4-1E4B-48A9-B677-9A7A9BBE6B74}.Debug|Any CPU.ActiveCfg = Debug|Any CPU
		{8BD276F4-1E4B-48A9-B677-9A7A9BBE6B74}.Debug|Any CPU.Build.0 = Debug|Any CPU
		{8BD276F4-1E4B-48A9-B677-9A7A9BBE6B74}.Release|Any CPU.ActiveCfg = Release|Any CPU
		{8BD276F4-1E4B-48A9-B677-9A7A9BBE6B74}.Release|Any CPU.Build.0 = Release|Any CPU
		{32E6052B-8779-4640-A21E-E78F02DA94E0}.Debug|Any CPU.ActiveCfg = Debug|Any CPU
		{32E6052B-8779-4640-A21E-E78F02DA94E0}.Debug|Any CPU.Build.0 = Debug|Any CPU
		{32E6052B-8779-4640-A21E-E78F02DA94E0}.Release|Any CPU.ActiveCfg = Release|Any CPU
		{32E6052B-8779-4640-A21E-E78F02DA94E0}.Release|Any CPU.Build.0 = Release|Any CPU
		{4C3F50D2-6039-4EB0-A9E5-7C465B9BDF8D}.Debug|Any CPU.ActiveCfg = Debug|Any CPU
		{4C3F50D2-6039-4EB0-A9E5-7C465B9BDF8D}.Debug|Any CPU.Build.0 = Debug|Any CPU
		{4C3F50D2-6039-4EB0-A9E5-7C465B9BDF8D}.Release|Any CPU.ActiveCfg = Release|Any CPU
		{4C3F50D2-6039-4EB0-A9E5-7C465B9BDF8D}.Release|Any CPU.Build.0 = Release|Any CPU
		{6973BBA6-AB5A-4C82-B1DD-D5389BF3C9D2}.Debug|Any CPU.ActiveCfg = Debug|Any CPU
		{6973BBA6-AB5A-4C82-B1DD-D5389BF3C9D2}.Debug|Any CPU.Build.0 = Debug|Any CPU
		{6973BBA6-AB5A-4C82-B1DD-D5389BF3C9D2}.Release|Any CPU.ActiveCfg = Release|Any CPU
		{6973BBA6-AB5A-4C82-B1DD-D5389BF3C9D2}.Release|Any CPU.Build.0 = Release|Any CPU
		{C0AD2247-D5FB-4702-9F11-78E365C29C05}.Debug|Any CPU.ActiveCfg = Debug|Any CPU
		{C0AD2247-D5FB-4702-9F11-78E365C29C05}.Debug|Any CPU.Build.0 = Debug|Any CPU
		{C0AD2247-D5FB-4702-9F11-78E365C29C05}.Release|Any CPU.ActiveCfg = Release|Any CPU
		{C0AD2247-D5FB-4702-9F11-78E365C29C05}.Release|Any CPU.Build.0 = Release|Any CPU
		{F84F1F9B-B3FB-4A60-8754-9DEA31EF66DD}.Debug|Any CPU.ActiveCfg = Debug|Any CPU
		{F84F1F9B-B3FB-4A60-8754-9DEA31EF66DD}.Debug|Any CPU.Build.0 = Debug|Any CPU
		{F84F1F9B-B3FB-4A60-8754-9DEA31EF66DD}.Release|Any CPU.ActiveCfg = Release|Any CPU
		{F84F1F9B-B3FB-4A60-8754-9DEA31EF66DD}.Release|Any CPU.Build.0 = Release|Any CPU
		{C7884337-CCFA-4C28-A303-5D596EB1C3CB}.Debug|Any CPU.ActiveCfg = Debug|Any CPU
		{C7884337-CCFA-4C28-A303-5D596EB1C3CB}.Debug|Any CPU.Build.0 = Debug|Any CPU
		{C7884337-CCFA-4C28-A303-5D596EB1C3CB}.Release|Any CPU.ActiveCfg = Release|Any CPU
		{C7884337-CCFA-4C28-A303-5D596EB1C3CB}.Release|Any CPU.Build.0 = Release|Any CPU
		{C874D120-D8E3-4FB2-82E0-1796F21FFF2A}.Debug|Any CPU.ActiveCfg = Debug|Any CPU
		{C874D120-D8E3-4FB2-82E0-1796F21FFF2A}.Debug|Any CPU.Build.0 = Debug|Any CPU
		{C874D120-D8E3-4FB2-82E0-1796F21FFF2A}.Release|Any CPU.ActiveCfg = Release|Any CPU
		{C874D120-D8E3-4FB2-82E0-1796F21FFF2A}.Release|Any CPU.Build.0 = Release|Any CPU
		{958BF53E-EED6-4A74-AB13-46C96704640B}.Debug|Any CPU.ActiveCfg = Debug|Any CPU
		{958BF53E-EED6-4A74-AB13-46C96704640B}.Debug|Any CPU.Build.0 = Debug|Any CPU
		{958BF53E-EED6-4A74-AB13-46C96704640B}.Release|Any CPU.ActiveCfg = Release|Any CPU
		{958BF53E-EED6-4A74-AB13-46C96704640B}.Release|Any CPU.Build.0 = Release|Any CPU
		{F36ACE21-40F2-4154-984E-AC8DDFDD17E1}.Debug|Any CPU.ActiveCfg = Debug|Any CPU
		{F36ACE21-40F2-4154-984E-AC8DDFDD17E1}.Debug|Any CPU.Build.0 = Debug|Any CPU
		{F36ACE21-40F2-4154-984E-AC8DDFDD17E1}.Release|Any CPU.ActiveCfg = Release|Any CPU
		{F36ACE21-40F2-4154-984E-AC8DDFDD17E1}.Release|Any CPU.Build.0 = Release|Any CPU
		{E1256E54-289B-4AFB-92AB-B54702A0821D}.Debug|Any CPU.ActiveCfg = Debug|Any CPU
		{E1256E54-289B-4AFB-92AB-B54702A0821D}.Debug|Any CPU.Build.0 = Debug|Any CPU
		{E1256E54-289B-4AFB-92AB-B54702A0821D}.Release|Any CPU.ActiveCfg = Release|Any CPU
		{E1256E54-289B-4AFB-92AB-B54702A0821D}.Release|Any CPU.Build.0 = Release|Any CPU
		{02FE4BF0-B542-486D-AECD-3D73D1474B72}.Debug|Any CPU.ActiveCfg = Debug|Any CPU
		{02FE4BF0-B542-486D-AECD-3D73D1474B72}.Debug|Any CPU.Build.0 = Debug|Any CPU
		{02FE4BF0-B542-486D-AECD-3D73D1474B72}.Release|Any CPU.ActiveCfg = Release|Any CPU
		{02FE4BF0-B542-486D-AECD-3D73D1474B72}.Release|Any CPU.Build.0 = Release|Any CPU
		{E5F5A37F-1FED-45E5-A487-636D8925FD32}.Debug|Any CPU.ActiveCfg = Debug|Any CPU
		{E5F5A37F-1FED-45E5-A487-636D8925FD32}.Debug|Any CPU.Build.0 = Debug|Any CPU
		{E5F5A37F-1FED-45E5-A487-636D8925FD32}.Release|Any CPU.ActiveCfg = Release|Any CPU
		{E5F5A37F-1FED-45E5-A487-636D8925FD32}.Release|Any CPU.Build.0 = Release|Any CPU
		{A572A88F-E85C-4B94-8E40-5A1D4333B070}.Debug|Any CPU.ActiveCfg = Debug|Any CPU
		{A572A88F-E85C-4B94-8E40-5A1D4333B070}.Debug|Any CPU.Build.0 = Debug|Any CPU
		{A572A88F-E85C-4B94-8E40-5A1D4333B070}.Release|Any CPU.ActiveCfg = Release|Any CPU
		{A572A88F-E85C-4B94-8E40-5A1D4333B070}.Release|Any CPU.Build.0 = Release|Any CPU
		{97E466BC-D359-41FD-A0C8-5DA0C633B138}.Debug|Any CPU.ActiveCfg = Debug|Any CPU
		{97E466BC-D359-41FD-A0C8-5DA0C633B138}.Debug|Any CPU.Build.0 = Debug|Any CPU
		{97E466BC-D359-41FD-A0C8-5DA0C633B138}.Release|Any CPU.ActiveCfg = Release|Any CPU
		{97E466BC-D359-41FD-A0C8-5DA0C633B138}.Release|Any CPU.Build.0 = Release|Any CPU
		{ABD0CBAF-E5A4-489E-979F-648CD808D987}.Debug|Any CPU.ActiveCfg = Debug|Any CPU
		{ABD0CBAF-E5A4-489E-979F-648CD808D987}.Debug|Any CPU.Build.0 = Debug|Any CPU
		{ABD0CBAF-E5A4-489E-979F-648CD808D987}.Release|Any CPU.ActiveCfg = Release|Any CPU
		{ABD0CBAF-E5A4-489E-979F-648CD808D987}.Release|Any CPU.Build.0 = Release|Any CPU
		{0D60F9F9-0797-49EF-B2CB-F01577DC151A}.Debug|Any CPU.ActiveCfg = Debug|Any CPU
		{0D60F9F9-0797-49EF-B2CB-F01577DC151A}.Debug|Any CPU.Build.0 = Debug|Any CPU
		{0D60F9F9-0797-49EF-B2CB-F01577DC151A}.Release|Any CPU.ActiveCfg = Release|Any CPU
		{0D60F9F9-0797-49EF-B2CB-F01577DC151A}.Release|Any CPU.Build.0 = Release|Any CPU
		{85465B75-C641-465F-8EB7-F7550ED032F6}.Debug|Any CPU.ActiveCfg = Debug|Any CPU
		{85465B75-C641-465F-8EB7-F7550ED032F6}.Debug|Any CPU.Build.0 = Debug|Any CPU
		{85465B75-C641-465F-8EB7-F7550ED032F6}.Release|Any CPU.ActiveCfg = Release|Any CPU
		{85465B75-C641-465F-8EB7-F7550ED032F6}.Release|Any CPU.Build.0 = Release|Any CPU
		{3857B756-1AC5-4555-92EB-C6E921A92DB6}.Debug|Any CPU.ActiveCfg = Debug|Any CPU
		{3857B756-1AC5-4555-92EB-C6E921A92DB6}.Debug|Any CPU.Build.0 = Debug|Any CPU
		{3857B756-1AC5-4555-92EB-C6E921A92DB6}.Release|Any CPU.ActiveCfg = Release|Any CPU
		{3857B756-1AC5-4555-92EB-C6E921A92DB6}.Release|Any CPU.Build.0 = Release|Any CPU
		{4E3F4CF9-AE0A-4FBE-9D6B-88111A39573D}.Debug|Any CPU.ActiveCfg = Debug|Any CPU
		{4E3F4CF9-AE0A-4FBE-9D6B-88111A39573D}.Debug|Any CPU.Build.0 = Debug|Any CPU
		{4E3F4CF9-AE0A-4FBE-9D6B-88111A39573D}.Release|Any CPU.ActiveCfg = Release|Any CPU
		{4E3F4CF9-AE0A-4FBE-9D6B-88111A39573D}.Release|Any CPU.Build.0 = Release|Any CPU
	EndGlobalSection
	GlobalSection(SolutionProperties) = preSolution
		HideSolutionNode = FALSE
	EndGlobalSection
	GlobalSection(NestedProjects) = preSolution
		{A8D1B2E8-1069-43C8-9AF4-DB868C649D75} = {5C716D50-388B-4CEE-A7EF-20FAF12E0D64}
		{ABD40530-4B62-4C2E-8ACB-AB2199FE4B3A} = {A8D1B2E8-1069-43C8-9AF4-DB868C649D75}
		{BC4BA6D0-CB35-447F-9A68-138C4645685D} = {A8D1B2E8-1069-43C8-9AF4-DB868C649D75}
		{139A6E1E-0DDF-40BD-87C8-176C99DE26CE} = {A8D1B2E8-1069-43C8-9AF4-DB868C649D75}
		{F5772610-C9EC-4B04-859B-EA4BF2C50A88} = {A8D1B2E8-1069-43C8-9AF4-DB868C649D75}
		{8BD276F4-1E4B-48A9-B677-9A7A9BBE6B74} = {A8D1B2E8-1069-43C8-9AF4-DB868C649D75}
		{32E6052B-8779-4640-A21E-E78F02DA94E0} = {A8D1B2E8-1069-43C8-9AF4-DB868C649D75}
		{4C3F50D2-6039-4EB0-A9E5-7C465B9BDF8D} = {A8D1B2E8-1069-43C8-9AF4-DB868C649D75}
		{5193B18A-61DE-4F26-9637-0938AD1DC321} = {5C716D50-388B-4CEE-A7EF-20FAF12E0D64}
		{6973BBA6-AB5A-4C82-B1DD-D5389BF3C9D2} = {5193B18A-61DE-4F26-9637-0938AD1DC321}
		{C0AD2247-D5FB-4702-9F11-78E365C29C05} = {5193B18A-61DE-4F26-9637-0938AD1DC321}
		{F84F1F9B-B3FB-4A60-8754-9DEA31EF66DD} = {5193B18A-61DE-4F26-9637-0938AD1DC321}
		{C7884337-CCFA-4C28-A303-5D596EB1C3CB} = {5193B18A-61DE-4F26-9637-0938AD1DC321}
		{345824F7-9770-4EB6-AFB9-90CFEB5E7B66} = {5C716D50-388B-4CEE-A7EF-20FAF12E0D64}
		{C874D120-D8E3-4FB2-82E0-1796F21FFF2A} = {345824F7-9770-4EB6-AFB9-90CFEB5E7B66}
		{958BF53E-EED6-4A74-AB13-46C96704640B} = {345824F7-9770-4EB6-AFB9-90CFEB5E7B66}
		{F36ACE21-40F2-4154-984E-AC8DDFDD17E1} = {345824F7-9770-4EB6-AFB9-90CFEB5E7B66}
		{172C52E2-EE3E-4324-8B2D-29B1DA87FB89} = {5C716D50-388B-4CEE-A7EF-20FAF12E0D64}
		{E1256E54-289B-4AFB-92AB-B54702A0821D} = {172C52E2-EE3E-4324-8B2D-29B1DA87FB89}
		{02FE4BF0-B542-486D-AECD-3D73D1474B72} = {172C52E2-EE3E-4324-8B2D-29B1DA87FB89}
		{E5F5A37F-1FED-45E5-A487-636D8925FD32} = {172C52E2-EE3E-4324-8B2D-29B1DA87FB89}
		{A572A88F-E85C-4B94-8E40-5A1D4333B070} = {172C52E2-EE3E-4324-8B2D-29B1DA87FB89}
		{97E466BC-D359-41FD-A0C8-5DA0C633B138} = {172C52E2-EE3E-4324-8B2D-29B1DA87FB89}
		{ABD0CBAF-E5A4-489E-979F-648CD808D987} = {BBB63BFD-57FE-48BF-983A-79605F82E138}
		{0D60F9F9-0797-49EF-B2CB-F01577DC151A} = {BBB63BFD-57FE-48BF-983A-79605F82E138}
		{85465B75-C641-465F-8EB7-F7550ED032F6} = {BBB63BFD-57FE-48BF-983A-79605F82E138}
		{3857B756-1AC5-4555-92EB-C6E921A92DB6} = {BBB63BFD-57FE-48BF-983A-79605F82E138}
		{4E3F4CF9-AE0A-4FBE-9D6B-88111A39573D} = {5193B18A-61DE-4F26-9637-0938AD1DC321}
	EndGlobalSection
	GlobalSection(ExtensibilityGlobals) = postSolution
		SolutionGuid = {FA7BE928-3DBE-487F-BD69-591103092EF2}
	EndGlobalSection
EndGlobal
